
Microsoft Visual Studio Solution File, Format Version 12.00
# Visual Studio Version 16
VisualStudioVersion = 16.0.28714.193
MinimumVisualStudioVersion = 10.0.40219.1
Project("{2150E333-8FDC-42A3-9474-1A3956D46DE8}") = "Solution Items", "Solution Items", "{705E3CCE-5D7E-44D8-A19D-DEDAC718EDC0}"
	ProjectSection(SolutionItems) = preProject
		appveyor.yml = appveyor.yml
		global.json = global.json
		README.md = README.md
	EndProjectSection
EndProject
Project("{2150E333-8FDC-42A3-9474-1A3956D46DE8}") = "src", "src", "{CD7CC869-887A-4BBB-939E-DF69943BB50C}"
EndProject
Project("{2150E333-8FDC-42A3-9474-1A3956D46DE8}") = "test", "test", "{89AB9019-9375-4370-AF3B-5C937567517E}"
EndProject
Project("{9A19103F-16F7-4668-BE54-9A1E7A4F7556}") = "Sprintor.BaiduGeocodingService", "src\Sprintor.BaiduGeocodingService\Sprintor.BaiduGeocodingService.csproj", "{8686CC0B-1556-4EC7-A974-84093F1C77F2}"
EndProject
Project("{9A19103F-16F7-4668-BE54-9A1E7A4F7556}") = "Sprintor.BaiduGeocodingService.Tests", "test\Sprintor.BaiduGeocodingService.Tests\Sprintor.BaiduGeocodingService.Tests.csproj", "{45467325-0EBB-4692-B99E-C5ED3337A29B}"
EndProject
Global
	GlobalSection(SolutionConfigurationPlatforms) = preSolution
		Debug|Any CPU = Debug|Any CPU
		Release|Any CPU = Release|Any CPU
	EndGlobalSection
	GlobalSection(ProjectConfigurationPlatforms) = postSolution
		{8686CC0B-1556-4EC7-A974-84093F1C77F2}.Debug|Any CPU.ActiveCfg = Debug|Any CPU
		{8686CC0B-1556-4EC7-A974-84093F1C77F2}.Debug|Any CPU.Build.0 = Debug|Any CPU
		{8686CC0B-1556-4EC7-A974-84093F1C77F2}.Release|Any CPU.ActiveCfg = Release|Any CPU
		{8686CC0B-1556-4EC7-A974-84093F1C77F2}.Release|Any CPU.Build.0 = Release|Any CPU
		{45467325-0EBB-4692-B99E-C5ED3337A29B}.Debug|Any CPU.ActiveCfg = Debug|Any CPU
		{45467325-0EBB-4692-B99E-C5ED3337A29B}.Debug|Any CPU.Build.0 = Debug|Any CPU
		{45467325-0EBB-4692-B99E-C5ED3337A29B}.Release|Any CPU.ActiveCfg = Release|Any CPU
		{45467325-0EBB-4692-B99E-C5ED3337A29B}.Release|Any CPU.Build.0 = Release|Any CPU
	EndGlobalSection
	GlobalSection(SolutionProperties) = preSolution
		HideSolutionNode = FALSE
	EndGlobalSection
	GlobalSection(NestedProjects) = preSolution
		{8686CC0B-1556-4EC7-A974-84093F1C77F2} = {CD7CC869-887A-4BBB-939E-DF69943BB50C}
		{45467325-0EBB-4692-B99E-C5ED3337A29B} = {89AB9019-9375-4370-AF3B-5C937567517E}
	EndGlobalSection
	GlobalSection(ExtensibilityGlobals) = postSolution
		SolutionGuid = {AA54CBAC-EC6F-4F4F-88F6-EC8D960A3C12}
	EndGlobalSection
EndGlobal
